
Microsoft Visual Studio Solution File, Format Version 12.00
# Visual Studio Version 17
VisualStudioVersion = 17.5.33530.505
MinimumVisualStudioVersion = 10.0.40219.1
Project("{FAE04EC0-301F-11D3-BF4B-00C04F79EFBC}") = "Giraffe", "Giraffe\Giraffe.csproj", "{685A248B-A59B-4986-9536-5627A4A45BB1}"
EndProject
Global
	GlobalSection(SolutionConfigurationPlatforms) = preSolution
		Debug|Any CPU = Debug|Any CPU
		Release|Any CPU = Release|Any CPU
	EndGlobalSection
	GlobalSection(ProjectConfigurationPlatforms) = postSolution
		{685A248B-A59B-4986-9536-5627A4A45BB1}.Debug|Any CPU.ActiveCfg = Debug|Any CPU
		{685A248B-A59B-4986-9536-5627A4A45BB1}.Debug|Any CPU.Build.0 = Debug|Any CPU
		{685A248B-A59B-4986-9536-5627A4A45BB1}.Release|Any CPU.ActiveCfg = Release|Any CPU
		{685A248B-A59B-4986-9536-5627A4A45BB1}.Release|Any CPU.Build.0 = Release|Any CPU
	EndGlobalSection
	GlobalSection(SolutionProperties) = preSolution
		HideSolutionNode = FALSE
	EndGlobalSection
	GlobalSection(ExtensibilityGlobals) = postSolution
		SolutionGuid = {FBB440CD-BEA4-4E86-BFD6-510608C04001}
	EndGlobalSection
EndGlobal
